// !$*UTF8*$!
{
	archiveVersion = 1;
	classes = {
	};
	objectVersion = 77;
	objects = {

/* Begin PBXBuildFile section */
		29DD0D9665C8E36874FAB44C /* Foundation.framework in Frameworks */ = {isa = PBXBuildFile; fileRef = 464BC155A008069131F992D8 /* Foundation.framework */; };
		695518C71A6236A5268C2C21 /* BusTimeWidgetExtension.appex in Embed Foundation Extensions */ = {isa = PBXBuildFile; fileRef = F98EB8B4AC49FE191699CDD7 /* BusTimeWidgetExtension.appex */; };
		F23F59CFAD48CF77C21A5A42 /* BusTimeWidgetLiveActivity.swift in Sources */ = {isa = PBXBuildFile; fileRef = 7AB11326BFE4A44A45B93CE8 /* BusTimeWidgetLiveActivity.swift */; };
		F851D3AEDE952495C1BA027E /* BusTimeWidgetBundle.swift in Sources */ = {isa = PBXBuildFile; fileRef = 32361D82DF72B28244F3BCEC /* BusTimeWidgetBundle.swift */; };
/* End PBXBuildFile section */

/* Begin PBXContainerItemProxy section */
		1C596D3055E2BEF862026F98 /* PBXContainerItemProxy */ = {
			isa = PBXContainerItemProxy;
			containerPortal = 7934EAF42DFBF98100C306D1 /* Project object */;
			proxyType = 1;
			remoteGlobalIDString = 9D06C45E8298F96D48921377;
			remoteInfo = BusTimeWidgetExtension;
		};
		7934EB0A2DFBF98200C306D1 /* PBXContainerItemProxy */ = {
			isa = PBXContainerItemProxy;
			containerPortal = 7934EAF42DFBF98100C306D1 /* Project object */;
			proxyType = 1;
			remoteGlobalIDString = 7934EAFB2DFBF98100C306D1;
			remoteInfo = BusTimeApp;
		};
		7934EB142DFBF98200C306D1 /* PBXContainerItemProxy */ = {
			isa = PBXContainerItemProxy;
			containerPortal = 7934EAF42DFBF98100C306D1 /* Project object */;
			proxyType = 1;
			remoteGlobalIDString = 7934EAFB2DFBF98100C306D1;
			remoteInfo = BusTimeApp;
		};
/* End PBXContainerItemProxy section */

/* Begin PBXCopyFilesBuildPhase section */
		48701969E626B4FE847F676D /* Embed Foundation Extensions */ = {
			isa = PBXCopyFilesBuildPhase;
			buildActionMask = 2147483647;
			dstPath = "";
			dstSubfolderSpec = 13;
			files = (
				695518C71A6236A5268C2C21 /* BusTimeWidgetExtension.appex in Embed Foundation Extensions */,
			);
			name = "Embed Foundation Extensions";
			runOnlyForDeploymentPostprocessing = 0;
		};
/* End PBXCopyFilesBuildPhase section */

/* Begin PBXFileReference section */
		32361D82DF72B28244F3BCEC /* BusTimeWidgetBundle.swift */ = {isa = PBXFileReference; includeInIndex = 1; lastKnownFileType = sourcecode.swift; path = BusTimeWidgetBundle.swift; sourceTree = "<group>"; };
		464BC155A008069131F992D8 /* Foundation.framework */ = {isa = PBXFileReference; lastKnownFileType = wrapper.framework; name = Foundation.framework; path = Platforms/iPhoneOS.platform/Developer/SDKs/iPhoneOS18.0.sdk/System/Library/Frameworks/Foundation.framework; sourceTree = DEVELOPER_DIR; };
		7934EAFC2DFBF98100C306D1 /* BusTimeApp.app */ = {isa = PBXFileReference; explicitFileType = wrapper.application; includeInIndex = 0; path = BusTimeApp.app; sourceTree = BUILT_PRODUCTS_DIR; };
		7934EB092DFBF98200C306D1 /* BusTimeAppTests.xctest */ = {isa = PBXFileReference; explicitFileType = wrapper.cfbundle; includeInIndex = 0; path = BusTimeAppTests.xctest; sourceTree = BUILT_PRODUCTS_DIR; };
		7934EB132DFBF98200C306D1 /* BusTimeAppUITests.xctest */ = {isa = PBXFileReference; explicitFileType = wrapper.cfbundle; includeInIndex = 0; path = BusTimeAppUITests.xctest; sourceTree = BUILT_PRODUCTS_DIR; };
		7AB11326BFE4A44A45B93CE8 /* BusTimeWidgetLiveActivity.swift */ = {isa = PBXFileReference; includeInIndex = 1; lastKnownFileType = sourcecode.swift; path = BusTimeWidgetLiveActivity.swift; sourceTree = "<group>"; };
		F98EB8B4AC49FE191699CDD7 /* BusTimeWidgetExtension.appex */ = {isa = PBXFileReference; explicitFileType = "wrapper.app-extension"; includeInIndex = 0; name = BusTimeWidgetExtension.appex; path = .appex; sourceTree = BUILT_PRODUCTS_DIR; };
/* End PBXFileReference section */

/* Begin PBXFileSystemSynchronizedBuildFileExceptionSet section */
		790F6E0F2FFBAC1800C1808A /* Exceptions for "BusTimeApp" folder in "BusTimeWidgetExtension" target */ = {
			isa = PBXFileSystemSynchronizedBuildFileExceptionSet;
			membershipExceptions = (
				BusActivityAttributes.swift,
			);
			target = 9D06C45E8298F96D48921377 /* BusTimeWidgetExtension */;
		};
/* End PBXFileSystemSynchronizedBuildFileExceptionSet section */

/* Begin PBXFileSystemSynchronizedRootGroup section */
		7934EAFE2DFBF98100C306D1 /* BusTimeApp */ = {
			isa = PBXFileSystemSynchronizedRootGroup;
			exceptions = (
				790F6E0F2FFBAC1800C1808A /* Exceptions for "BusTimeApp" folder in "BusTimeWidgetExtension" target */,
			);
			path = BusTimeApp;
			sourceTree = "<group>";
		};
		7934EB0C2DFBF98200C306D1 /* BusTimeAppTests */ = {
			isa = PBXFileSystemSynchronizedRootGroup;
			exceptions = (
			);
			path = BusTimeAppTests;
			sourceTree = "<group>";
		};
		7934EB162DFBF98200C306D1 /* BusTimeAppUITests */ = {
			isa = PBXFileSystemSynchronizedRootGroup;
			exceptions = (
			);
			path = BusTimeAppUITests;
			sourceTree = "<group>";
		};
/* End PBXFileSystemSynchronizedRootGroup section */

/* Begin PBXFrameworksBuildPhase section */
		7934EAF92DFBF98100C306D1 /* Frameworks */ = {
			isa = PBXFrameworksBuildPhase;
			buildActionMask = 2147483647;
			files = (
			);
			runOnlyForDeploymentPostprocessing = 0;
		};
		7934EB062DFBF98200C306D1 /* Frameworks */ = {
			isa = PBXFrameworksBuildPhase;
			buildActionMask = 2147483647;
			files = (
			);
			runOnlyForDeploymentPostprocessing = 0;
		};
		7934EB102DFBF98200C306D1 /* Frameworks */ = {
			isa = PBXFrameworksBuildPhase;
			buildActionMask = 2147483647;
			files = (
			);
			runOnlyForDeploymentPostprocessing = 0;
		};
		C6DA17EFF3CEDF036E8613CA /* Frameworks */ = {
			isa = PBXFrameworksBuildPhase;
			buildActionMask = 2147483647;
			files = (
				29DD0D9665C8E36874FAB44C /* Foundation.framework in Frameworks */,
			);
			runOnlyForDeploymentPostprocessing = 0;
		};
/* End PBXFrameworksBuildPhase section */

/* Begin PBXGroup section */
		0B6D398A70A3542049A3D2B4 /* iOS */ = {
			isa = PBXGroup;
			children = (
				464BC155A008069131F992D8 /* Foundation.framework */,
			);
			name = iOS;
			sourceTree = "<group>";
		};
		7934EAF32DFBF98100C306D1 = {
			isa = PBXGroup;
			children = (
				7934EAFE2DFBF98100C306D1 /* BusTimeApp */,
				7934EB0C2DFBF98200C306D1 /* BusTimeAppTests */,
				7934EB162DFBF98200C306D1 /* BusTimeAppUITests */,
				7934EAFD2DFBF98100C306D1 /* Products */,
				B5AB4F6D1BC3D0AE91C15250 /* Frameworks */,
				9AFBA0DBF3918607D2210ADC /* BusTimeWidgetExtension */,
			);
			sourceTree = "<group>";
		};
		7934EAFD2DFBF98100C306D1 /* Products */ = {
			isa = PBXGroup;
			children = (
				7934EAFC2DFBF98100C306D1 /* BusTimeApp.app */,
				7934EB092DFBF98200C306D1 /* BusTimeAppTests.xctest */,
				7934EB132DFBF98200C306D1 /* BusTimeAppUITests.xctest */,
				F98EB8B4AC49FE191699CDD7 /* BusTimeWidgetExtension.appex */,
			);
			name = Products;
			sourceTree = "<group>";
		};
		9AFBA0DBF3918607D2210ADC /* BusTimeWidgetExtension */ = {
			isa = PBXGroup;
			children = (
				7AB11326BFE4A44A45B93CE8 /* BusTimeWidgetLiveActivity.swift */,
				32361D82DF72B28244F3BCEC /* BusTimeWidgetBundle.swift */,
			);
			path = BusTimeWidgetExtension;
			sourceTree = "<group>";
		};
		B5AB4F6D1BC3D0AE91C15250 /* Frameworks */ = {
			isa = PBXGroup;
			children = (
				0B6D398A70A3542049A3D2B4 /* iOS */,
			);
			name = Frameworks;
			sourceTree = "<group>";
		};
/* End PBXGroup section */

/* Begin PBXNativeTarget section */
		7934EAFB2DFBF98100C306D1 /* BusTimeApp */ = {
			isa = PBXNativeTarget;
			buildConfigurationList = 7934EB1D2DFBF98200C306D1 /* Build configuration list for PBXNativeTarget "BusTimeApp" */;
			buildPhases = (
				7934EAF82DFBF98100C306D1 /* Sources */,
				7934EAF92DFBF98100C306D1 /* Frameworks */,
				7934EAFA2DFBF98100C306D1 /* Resources */,
				48701969E626B4FE847F676D /* Embed Foundation Extensions */,
			);
			buildRules = (
			);
			dependencies = (
				3189D95B5B9438211FB5FD0A /* PBXTargetDependency */,
			);
			fileSystemSynchronizedGroups = (
				7934EAFE2DFBF98100C306D1 /* BusTimeApp */,
			);
			name = BusTimeApp;
			productName = BusTimeApp;
			productReference = 7934EAFC2DFBF98100C306D1 /* BusTimeApp.app */;
			productType = "com.apple.product-type.application";
		};
		7934EB082DFBF98200C306D1 /* BusTimeAppTests */ = {
			isa = PBXNativeTarget;
			buildConfigurationList = 7934EB202DFBF98200C306D1 /* Build configuration list for PBXNativeTarget "BusTimeAppTests" */;
			buildPhases = (
				7934EB052DFBF98200C306D1 /* Sources */,
				7934EB062DFBF98200C306D1 /* Frameworks */,
				7934EB072DFBF98200C306D1 /* Resources */,
			);
			buildRules = (
			);
			dependencies = (
				7934EB0B2DFBF98200C306D1 /* PBXTargetDependency */,
			);
			fileSystemSynchronizedGroups = (
				7934EB0C2DFBF98200C306D1 /* BusTimeAppTests */,
			);
			name = BusTimeAppTests;
			productName = BusTimeAppTests;
			productReference = 7934EB092DFBF98200C306D1 /* BusTimeAppTests.xctest */;
			productType = "com.apple.product-type.bundle.unit-test";
		};
		7934EB122DFBF98200C306D1 /* BusTimeAppUITests */ = {
			isa = PBXNativeTarget;
			buildConfigurationList = 7934EB232DFBF98200C306D1 /* Build configuration list for PBXNativeTarget "BusTimeAppUITests" */;
			buildPhases = (
				7934EB0F2DFBF98200C306D1 /* Sources */,
				7934EB102DFBF98200C306D1 /* Frameworks */,
				7934EB112DFBF98200C306D1 /* Resources */,
			);
			buildRules = (
			);
			dependencies = (
				7934EB152DFBF98200C306D1 /* PBXTargetDependency */,
			);
			fileSystemSynchronizedGroups = (
				7934EB162DFBF98200C306D1 /* BusTimeAppUITests */,
			);
			name = BusTimeAppUITests;
			productName = BusTimeAppUITests;
			productReference = 7934EB132DFBF98200C306D1 /* BusTimeAppUITests.xctest */;
			productType = "com.apple.product-type.bundle.ui-testing";
		};
		9D06C45E8298F96D48921377 /* BusTimeWidgetExtension */ = {
			isa = PBXNativeTarget;
			buildConfigurationList = 81AB1610CEE55FD40C70784B /* Build configuration list for PBXNativeTarget "BusTimeWidgetExtension" */;
			buildPhases = (
				48662B54EA8BBEC2DCA65C22 /* Sources */,
				C6DA17EFF3CEDF036E8613CA /* Frameworks */,
				80E515C6734BF9104D648997 /* Resources */,
			);
			buildRules = (
			);
			dependencies = (
			);
			name = BusTimeWidgetExtension;
			productName = BusTimeWidgetExtension;
			productReference = F98EB8B4AC49FE191699CDD7 /* BusTimeWidgetExtension.appex */;
			productType = "com.apple.product-type.app-extension";
		};
/* End PBXNativeTarget section */

/* Begin PBXProject section */
		7934EAF42DFBF98100C306D1 /* Project object */ = {
			isa = PBXProject;
			attributes = {
				BuildIndependentTargetsInParallel = 1;
				LastSwiftUpdateCheck = 1640;
				LastUpgradeCheck = 1640;
				TargetAttributes = {
					7934EAFB2DFBF98100C306D1 = {
						CreatedOnToolsVersion = 16.4;
					};
					7934EB082DFBF98200C306D1 = {
						CreatedOnToolsVersion = 16.4;
						TestTargetID = 7934EAFB2DFBF98100C306D1;
					};
					7934EB122DFBF98200C306D1 = {
						CreatedOnToolsVersion = 16.4;
						TestTargetID = 7934EAFB2DFBF98100C306D1;
					};
				};
			};
			buildConfigurationList = 7934EAF72DFBF98100C306D1 /* Build configuration list for PBXProject "BusTimeApp" */;
			developmentRegion = en;
			hasScannedForEncodings = 0;
			knownRegions = (
				en,
				Base,
			);
			mainGroup = 7934EAF32DFBF98100C306D1;
			minimizedProjectReferenceProxies = 1;
			preferredProjectObjectVersion = 77;
			productRefGroup = 7934EAFD2DFBF98100C306D1 /* Products */;
			projectDirPath = "";
			projectRoot = "";
			targets = (
				7934EAFB2DFBF98100C306D1 /* BusTimeApp */,
				7934EB082DFBF98200C306D1 /* BusTimeAppTests */,
				7934EB122DFBF98200C306D1 /* BusTimeAppUITests */,
				9D06C45E8298F96D48921377 /* BusTimeWidgetExtension */,
			);
		};
/* End PBXProject section */

/* Begin PBXResourcesBuildPhase section */
		7934EAFA2DFBF98100C306D1 /* Resources */ = {
			isa = PBXResourcesBuildPhase;
			buildActionMask = 2147483647;
			files = (
			);
			runOnlyForDeploymentPostprocessing = 0;
		};
		7934EB072DFBF98200C306D1 /* Resources */ = {
			isa = PBXResourcesBuildPhase;
			buildActionMask = 2147483647;
			files = (
			);
			runOnlyForDeploymentPostprocessing = 0;
		};
		7934EB112DFBF98200C306D1 /* Resources */ = {
			isa = PBXResourcesBuildPhase;
			buildActionMask = 2147483647;
			files = (
			);
			runOnlyForDeploymentPostprocessing = 0;
		};
		80E515C6734BF9104D648997 /* Resources */ = {
			isa = PBXResourcesBuildPhase;
			buildActionMask = 2147483647;
			files = (
			);
			runOnlyForDeploymentPostprocessing = 0;
		};
/* End PBXResourcesBuildPhase section */

/* Begin PBXSourcesBuildPhase section */
		48662B54EA8BBEC2DCA65C22 /* Sources */ = {
			isa = PBXSourcesBuildPhase;
			buildActionMask = 2147483647;
			files = (
				F23F59CFAD48CF77C21A5A42 /* BusTimeWidgetLiveActivity.swift in Sources */,
				F851D3AEDE952495C1BA027E /* BusTimeWidgetBundle.swift in Sources */,
			);
			runOnlyForDeploymentPostprocessing = 0;
		};
		7934EAF82DFBF98100C306D1 /* Sources */ = {
			isa = PBXSourcesBuildPhase;
			buildActionMask = 2147483647;
			files = (
			);
			runOnlyForDeploymentPostprocessing = 0;
		};
		7934EB052DFBF98200C306D1 /* Sources */ = {
			isa = PBXSourcesBuildPhase;
			buildActionMask = 2147483647;
			files = (
			);
			runOnlyForDeploymentPostprocessing = 0;
		};
		7934EB0F2DFBF98200C306D1 /* Sources */ = {
			isa = PBXSourcesBuildPhase;
			buildActionMask = 2147483647;
			files = (
			);
			runOnlyForDeploymentPostprocessing = 0;
		};
/* End PBXSourcesBuildPhase section */

/* Begin PBXTargetDependency section */
		3189D95B5B9438211FB5FD0A /* PBXTargetDependency */ = {
			isa = PBXTargetDependency;
			name = BusTimeWidgetExtension;
			target = 9D06C45E8298F96D48921377 /* BusTimeWidgetExtension */;
			targetProxy = 1C596D3055E2BEF862026F98 /* PBXContainerItemProxy */;
		};
		7934EB0B2DFBF98200C306D1 /* PBXTargetDependency */ = {
			isa = PBXTargetDependency;
			target = 7934EAFB2DFBF98100C306D1 /* BusTimeApp */;
			targetProxy = 7934EB0A2DFBF98200C306D1 /* PBXContainerItemProxy */;
		};
		7934EB152DFBF98200C306D1 /* PBXTargetDependency */ = {
			isa = PBXTargetDependency;
			target = 7934EAFB2DFBF98100C306D1 /* BusTimeApp */;
			targetProxy = 7934EB142DFBF98200C306D1 /* PBXContainerItemProxy */;
		};
/* End PBXTargetDependency section */

/* Begin XCBuildConfiguration section */
		5F8F5B36CA753EB2BBCB3F69 /* Debug */ = {
			isa = XCBuildConfiguration;
			buildSettings = {
				ASSETCATALOG_COMPILER_APPICON_NAME = AppIcon;
				ASSETCATALOG_COMPILER_GLOBAL_ACCENT_COLOR_NAME = AccentColor;
				ASSETCATALOG_COMPILER_WIDGET_BACKGROUND_COLOR_NAME = WidgetBackground;
				CLANG_ENABLE_OBJC_WEAK = NO;
				GENERATE_INFOPLIST_FILE = NO;
				INFOPLIST_FILE = BusTimeWidgetExtension/Info.plist;
				IPHONEOS_DEPLOYMENT_TARGET = 16.1;
				LD_RUNPATH_SEARCH_PATHS = (
					"$(inherited)",
					"@executable_path/Frameworks",
					"@executable_path/../../Frameworks",
				);
				PRODUCT_BUNDLE_IDENTIFIER = com.hara.BusTimeApp.BusTimeWidgetExtension;
				PRODUCT_NAME = "$(TARGET_NAME)";
				SDKROOT = iphoneos;
				SKIP_INSTALL = YES;
				SWIFT_VERSION = 5.0;
				TARGETED_DEVICE_FAMILY = 1;
			};
			name = Debug;
		};
		7934EB1B2DFBF98200C306D1 /* Debug */ = {
			isa = XCBuildConfiguration;
			buildSettings = {
				ALWAYS_SEARCH_USER_PATHS = NO;
				ASSETCATALOG_COMPILER_GENERATE_SWIFT_ASSET_SYMBOL_EXTENSIONS = YES;
				CLANG_ANALYZER_NONNULL = YES;
				CLANG_ANALYZER_NUMBER_OBJECT_CONVERSION = YES_AGGRESSIVE;
				CLANG_CXX_LANGUAGE_STANDARD = "gnu++20";
				CLANG_ENABLE_MODULES = YES;
				CLANG_ENABLE_OBJC_ARC = YES;
				CLANG_ENABLE_OBJC_WEAK = YES;
				CLANG_WARN_BLOCK_CAPTURE_AUTORELEASING = YES;
				CLANG_WARN_BOOL_CONVERSION = YES;
				CLANG_WARN_COMMA = YES;
				CLANG_WARN_CONSTANT_CONVERSION = YES;
				CLANG_WARN_DEPRECATED_OBJC_IMPLEMENTATIONS = YES;
				CLANG_WARN_DIRECT_OBJC_ISA_USAGE = YES_ERROR;
				CLANG_WARN_DOCUMENTATION_COMMENTS = YES;
				CLANG_WARN_EMPTY_BODY = YES;
				CLANG_WARN_ENUM_CONVERSION = YES;
				CLANG_WARN_INFINITE_RECURSION = YES;
				CLANG_WARN_INT_CONVERSION = YES;
				CLANG_WARN_NON_LITERAL_NULL_CONVERSION = YES;
				CLANG_WARN_OBJC_IMPLICIT_RETAIN_SELF = YES;
				CLANG_WARN_OBJC_LITERAL_CONVERSION = YES;
				CLANG_WARN_OBJC_ROOT_CLASS = YES_ERROR;
				CLANG_WARN_QUOTED_INCLUDE_IN_FRAMEWORK_HEADER = YES;
				CLANG_WARN_RANGE_LOOP_ANALYSIS = YES;
				CLANG_WARN_STRICT_PROTOTYPES = YES;
				CLANG_WARN_SUSPICIOUS_MOVE = YES;
				CLANG_WARN_UNGUARDED_AVAILABILITY = YES_AGGRESSIVE;
				CLANG_WARN_UNREACHABLE_CODE = YES;
				CLANG_WARN__DUPLICATE_METHOD_MATCH = YES;
				COPY_PHASE_STRIP = NO;
				DEBUG_INFORMATION_FORMAT = dwarf;
				DEVELOPMENT_TEAM = FDKP7YY7G8;
				ENABLE_STRICT_OBJC_MSGSEND = YES;
				ENABLE_TESTABILITY = YES;
				ENABLE_USER_SCRIPT_SANDBOXING = YES;
				GCC_C_LANGUAGE_STANDARD = gnu17;
				GCC_DYNAMIC_NO_PIC = NO;
				GCC_NO_COMMON_BLOCKS = YES;
				GCC_OPTIMIZATION_LEVEL = 0;
				GCC_PREPROCESSOR_DEFINITIONS = (
					"DEBUG=1",
					"$(inherited)",
				);
				GCC_WARN_64_TO_32_BIT_CONVERSION = YES;
				GCC_WARN_ABOUT_RETURN_TYPE = YES_ERROR;
				GCC_WARN_UNDECLARED_SELECTOR = YES;
				GCC_WARN_UNINITIALIZED_AUTOS = YES_AGGRESSIVE;
				GCC_WARN_UNUSED_FUNCTION = YES;
				GCC_WARN_UNUSED_VARIABLE = YES;
				IPHONEOS_DEPLOYMENT_TARGET = 16.2;
				LOCALIZATION_PREFERS_STRING_CATALOGS = YES;
				MTL_ENABLE_DEBUG_INFO = INCLUDE_SOURCE;
				MTL_FAST_MATH = YES;
				ONLY_ACTIVE_ARCH = YES;
				SDKROOT = iphoneos;
				SWIFT_ACTIVE_COMPILATION_CONDITIONS = "DEBUG $(inherited)";
				SWIFT_OPTIMIZATION_LEVEL = "-Onone";
			};
			name = Debug;
		};
		7934EB1C2DFBF98200C306D1 /* Release */ = {
			isa = XCBuildConfiguration;
			buildSettings = {
				ALWAYS_SEARCH_USER_PATHS = NO;
				ASSETCATALOG_COMPILER_GENERATE_SWIFT_ASSET_SYMBOL_EXTENSIONS = YES;
				CLANG_ANALYZER_NONNULL = YES;
				CLANG_ANALYZER_NUMBER_OBJECT_CONVERSION = YES_AGGRESSIVE;
				CLANG_CXX_LANGUAGE_STANDARD = "gnu++20";
				CLANG_ENABLE_MODULES = YES;
				CLANG_ENABLE_OBJC_ARC = YES;
				CLANG_ENABLE_OBJC_WEAK = YES;
				CLANG_WARN_BLOCK_CAPTURE_AUTORELEASING = YES;
				CLANG_WARN_BOOL_CONVERSION = YES;
				CLANG_WARN_COMMA = YES;
				CLANG_WARN_CONSTANT_CONVERSION = YES;
				CLANG_WARN_DEPRECATED_OBJC_IMPLEMENTATIONS = YES;
				CLANG_WARN_DIRECT_OBJC_ISA_USAGE = YES_ERROR;
				CLANG_WARN_DOCUMENTATION_COMMENTS = YES;
				CLANG_WARN_EMPTY_BODY = YES;
				CLANG_WARN_ENUM_CONVERSION = YES;
				CLANG_WARN_INFINITE_RECURSION = YES;
				CLANG_WARN_INT_CONVERSION = YES;
				CLANG_WARN_NON_LITERAL_NULL_CONVERSION = YES;
				CLANG_WARN_OBJC_IMPLICIT_RETAIN_SELF = YES;
				CLANG_WARN_OBJC_LITERAL_CONVERSION = YES;
				CLANG_WARN_OBJC_ROOT_CLASS = YES_ERROR;
				CLANG_WARN_QUOTED_INCLUDE_IN_FRAMEWORK_HEADER = YES;
				CLANG_WARN_RANGE_LOOP_ANALYSIS = YES;
				CLANG_WARN_STRICT_PROTOTYPES = YES;
				CLANG_WARN_SUSPICIOUS_MOVE = YES;
				CLANG_WARN_UNGUARDED_AVAILABILITY = YES_AGGRESSIVE;
				CLANG_WARN_UNREACHABLE_CODE = YES;
				CLANG_WARN__DUPLICATE_METHOD_MATCH = YES;
				COPY_PHASE_STRIP = NO;
				DEBUG_INFORMATION_FORMAT = "dwarf-with-dsym";
				DEVELOPMENT_TEAM = FDKP7YY7G8;
				ENABLE_NS_ASSERTIONS = NO;
				ENABLE_STRICT_OBJC_MSGSEND = YES;
				ENABLE_USER_SCRIPT_SANDBOXING = YES;
				GCC_C_LANGUAGE_STANDARD = gnu17;
				GCC_NO_COMMON_BLOCKS = YES;
				GCC_WARN_64_TO_32_BIT_CONVERSION = YES;
				GCC_WARN_ABOUT_RETURN_TYPE = YES_ERROR;
				GCC_WARN_UNDECLARED_SELECTOR = YES;
				GCC_WARN_UNINITIALIZED_AUTOS = YES_AGGRESSIVE;
				GCC_WARN_UNUSED_FUNCTION = YES;
				GCC_WARN_UNUSED_VARIABLE = YES;
				IPHONEOS_DEPLOYMENT_TARGET = 16.2;
				LOCALIZATION_PREFERS_STRING_CATALOGS = YES;
				MTL_ENABLE_DEBUG_INFO = NO;
				MTL_FAST_MATH = YES;
				SDKROOT = iphoneos;
				SWIFT_COMPILATION_MODE = wholemodule;
				VALIDATE_PRODUCT = YES;
			};
			name = Release;
		};
		7934EB1E2DFBF98200C306D1 /* Debug */ = {
			isa = XCBuildConfiguration;
			buildSettings = {
				ASSETCATALOG_COMPILER_APPICON_NAME = AppIcon;
				ASSETCATALOG_COMPILER_GLOBAL_ACCENT_COLOR_NAME = AccentColor;
				CODE_SIGN_STYLE = Automatic;
				CURRENT_PROJECT_VERSION = 1;
				DEVELOPMENT_TEAM = FDKP7YY7G8;
				ENABLE_PREVIEWS = YES;
				GENERATE_INFOPLIST_FILE = YES;
				INFOPLIST_KEY_NSLocationWhenInUseUsageDescription = "現在地から最も近い出発地を自動で選択するために位置情報を使用します。";
				INFOPLIST_KEY_NSSupportsLiveActivities = YES;
				INFOPLIST_KEY_UIApplicationSceneManifest_Generation = YES;
				INFOPLIST_KEY_UIApplicationSupportsIndirectInputEvents = YES;
				INFOPLIST_KEY_UILaunchScreen_Generation = YES;
				INFOPLIST_KEY_UISupportedInterfaceOrientations_iPad = "UIInterfaceOrientationPortrait UIInterfaceOrientationPortraitUpsideDown UIInterfaceOrientationLandscapeLeft UIInterfaceOrientationLandscapeRight";
				INFOPLIST_KEY_UISupportedInterfaceOrientations_iPhone = "UIInterfaceOrientationPortrait UIInterfaceOrientationLandscapeLeft UIInterfaceOrientationLandscapeRight";
				LD_RUNPATH_SEARCH_PATHS = (
					"$(inherited)",
					"@executable_path/Frameworks",
				);
				MARKETING_VERSION = 1.0;
				PRODUCT_BUNDLE_IDENTIFIER = com.hara.BusTimeApp;
				PRODUCT_NAME = "$(TARGET_NAME)";
				SWIFT_EMIT_LOC_STRINGS = YES;
				SWIFT_VERSION = 5.0;
				TARGETED_DEVICE_FAMILY = "1,2";
			};
			name = Debug;
		};
		7934EB1F2DFBF98200C306D1 /* Release */ = {
			isa = XCBuildConfiguration;
			buildSettings = {
				ASSETCATALOG_COMPILER_APPICON_NAME = AppIcon;
				ASSETCATALOG_COMPILER_GLOBAL_ACCENT_COLOR_NAME = AccentColor;
				CODE_SIGN_STYLE = Automatic;
				CURRENT_PROJECT_VERSION = 1;
				DEVELOPMENT_TEAM = FDKP7YY7G8;
				ENABLE_PREVIEWS = YES;
				GENERATE_INFOPLIST_FILE = YES;
				INFOPLIST_KEY_NSLocationWhenInUseUsageDescription = "現在地から最も近い出発地を自動で選択するために位置情報を使用します。";
				INFOPLIST_KEY_NSSupportsLiveActivities = YES;
				INFOPLIST_KEY_UIApplicationSceneManifest_Generation = YES;
				INFOPLIST_KEY_UIApplicationSupportsIndirectInputEvents = YES;
				INFOPLIST_KEY_UILaunchScreen_Generation = YES;
				INFOPLIST_KEY_UISupportedInterfaceOrientations_iPad = "UIInterfaceOrientationPortrait UIInterfaceOrientationPortraitUpsideDown UIInterfaceOrientationLandscapeLeft UIInterfaceOrientationLandscapeRight";
				INFOPLIST_KEY_UISupportedInterfaceOrientations_iPhone = "UIInterfaceOrientationPortrait UIInterfaceOrientationLandscapeLeft UIInterfaceOrientationLandscapeRight";
				LD_RUNPATH_SEARCH_PATHS = (
					"$(inherited)",
					"@executable_path/Frameworks",
				);
				MARKETING_VERSION = 1.0;
				PRODUCT_BUNDLE_IDENTIFIER = com.hara.BusTimeApp;
				PRODUCT_NAME = "$(TARGET_NAME)";
				SWIFT_EMIT_LOC_STRINGS = YES;
				SWIFT_VERSION = 5.0;
				TARGETED_DEVICE_FAMILY = "1,2";
			};
			name = Release;
		};
		7934EB212DFBF98200C306D1 /* Debug */ = {
			isa = XCBuildConfiguration;
			buildSettings = {
				BUNDLE_LOADER = "$(TEST_HOST)";
				CODE_SIGN_STYLE = Automatic;
				CURRENT_PROJECT_VERSION = 1;
				DEVELOPMENT_TEAM = FDKP7YY7G8;
				GENERATE_INFOPLIST_FILE = YES;
				IPHONEOS_DEPLOYMENT_TARGET = 16.2;
				MARKETING_VERSION = 1.0;
				PRODUCT_BUNDLE_IDENTIFIER = com.HR.BusTimeAppTests;
				PRODUCT_NAME = "$(TARGET_NAME)";
				SWIFT_EMIT_LOC_STRINGS = NO;
				SWIFT_VERSION = 5.0;
				TARGETED_DEVICE_FAMILY = "1,2";
				TEST_HOST = "$(BUILT_PRODUCTS_DIR)/BusTimeApp.app/$(BUNDLE_EXECUTABLE_FOLDER_PATH)/BusTimeApp";
			};
			name = Debug;
		};
		7934EB222DFBF98200C306D1 /* Release */ = {
			isa = XCBuildConfiguration;
			buildSettings = {
				BUNDLE_LOADER = "$(TEST_HOST)";
				CODE_SIGN_STYLE = Automatic;
				CURRENT_PROJECT_VERSION = 1;
				DEVELOPMENT_TEAM = FDKP7YY7G8;
				GENERATE_INFOPLIST_FILE = YES;
				IPHONEOS_DEPLOYMENT_TARGET = 16.2;
				MARKETING_VERSION = 1.0;
				PRODUCT_BUNDLE_IDENTIFIER = com.HR.BusTimeAppTests;
				PRODUCT_NAME = "$(TARGET_NAME)";
				SWIFT_EMIT_LOC_STRINGS = NO;
				SWIFT_VERSION = 5.0;
				TARGETED_DEVICE_FAMILY = "1,2";
				TEST_HOST = "$(BUILT_PRODUCTS_DIR)/BusTimeApp.app/$(BUNDLE_EXECUTABLE_FOLDER_PATH)/BusTimeApp";
			};
			name = Release;
		};
		7934EB242DFBF98200C306D1 /* Debug */ = {
			isa = XCBuildConfiguration;
			buildSettings = {
				CODE_SIGN_STYLE = Automatic;
				CURRENT_PROJECT_VERSION = 1;
				DEVELOPMENT_TEAM = FDKP7YY7G8;
				GENERATE_INFOPLIST_FILE = YES;
				MARKETING_VERSION = 1.0;
				PRODUCT_BUNDLE_IDENTIFIER = com.HR.BusTimeAppUITests;
				PRODUCT_NAME = "$(TARGET_NAME)";
				SWIFT_EMIT_LOC_STRINGS = NO;
				SWIFT_VERSION = 5.0;
				TARGETED_DEVICE_FAMILY = "1,2";
				TEST_TARGET_NAME = BusTimeApp;
			};
			name = Debug;
		};
		7934EB252DFBF98200C306D1 /* Release */ = {
			isa = XCBuildConfiguration;
			buildSettings = {
				CODE_SIGN_STYLE = Automatic;
				CURRENT_PROJECT_VERSION = 1;
				DEVELOPMENT_TEAM = FDKP7YY7G8;
				GENERATE_INFOPLIST_FILE = YES;
				MARKETING_VERSION = 1.0;
				PRODUCT_BUNDLE_IDENTIFIER = com.HR.BusTimeAppUITests;
				PRODUCT_NAME = "$(TARGET_NAME)";
				SWIFT_EMIT_LOC_STRINGS = NO;
				SWIFT_VERSION = 5.0;
				TARGETED_DEVICE_FAMILY = "1,2";
				TEST_TARGET_NAME = BusTimeApp;
			};
			name = Release;
		};
		FA7CDCBE62987093C6D7326C /* Release */ = {
			isa = XCBuildConfiguration;
			buildSettings = {
				ASSETCATALOG_COMPILER_APPICON_NAME = AppIcon;
				ASSETCATALOG_COMPILER_GLOBAL_ACCENT_COLOR_NAME = AccentColor;
				ASSETCATALOG_COMPILER_WIDGET_BACKGROUND_COLOR_NAME = WidgetBackground;
				CLANG_ENABLE_OBJC_WEAK = NO;
				GENERATE_INFOPLIST_FILE = NO;
				INFOPLIST_FILE = BusTimeWidgetExtension/Info.plist;
				IPHONEOS_DEPLOYMENT_TARGET = 16.1;
				LD_RUNPATH_SEARCH_PATHS = (
					"$(inherited)",
					"@executable_path/Frameworks",
					"@executable_path/../../Frameworks",
				);
				PRODUCT_BUNDLE_IDENTIFIER = com.hara.BusTimeApp.BusTimeWidgetExtension;
				PRODUCT_NAME = "$(TARGET_NAME)";
				SDKROOT = iphoneos;
				SKIP_INSTALL = YES;
				SWIFT_VERSION = 5.0;
				TARGETED_DEVICE_FAMILY = 1;
				VALIDATE_PRODUCT = YES;
			};
			name = Release;
		};
/* End XCBuildConfiguration section */

/* Begin XCConfigurationList section */
		7934EAF72DFBF98100C306D1 /* Build configuration list for PBXProject "BusTimeApp" */ = {
			isa = XCConfigurationList;
			buildConfigurations = (
				7934EB1B2DFBF98200C306D1 /* Debug */,
				7934EB1C2DFBF98200C306D1 /* Release */,
			);
			defaultConfigurationIsVisible = 0;
			defaultConfigurationName = Release;
		};
		7934EB1D2DFBF98200C306D1 /* Build configuration list for PBXNativeTarget "BusTimeApp" */ = {
			isa = XCConfigurationList;
			buildConfigurations = (
				7934EB1E2DFBF98200C306D1 /* Debug */,
				7934EB1F2DFBF98200C306D1 /* Release */,
			);
			defaultConfigurationIsVisible = 0;
			defaultConfigurationName = Release;
		};
		7934EB202DFBF98200C306D1 /* Build configuration list for PBXNativeTarget "BusTimeAppTests" */ = {
			isa = XCConfigurationList;
			buildConfigurations = (
				7934EB212DFBF98200C306D1 /* Debug */,
				7934EB222DFBF98200C306D1 /* Release */,
			);
			defaultConfigurationIsVisible = 0;
			defaultConfigurationName = Release;
		};
		7934EB232DFBF98200C306D1 /* Build configuration list for PBXNativeTarget "BusTimeAppUITests" */ = {
			isa = XCConfigurationList;
			buildConfigurations = (
				7934EB242DFBF98200C306D1 /* Debug */,
				7934EB252DFBF98200C306D1 /* Release */,
			);
			defaultConfigurationIsVisible = 0;
			defaultConfigurationName = Release;
		};
		81AB1610CEE55FD40C70784B /* Build configuration list for PBXNativeTarget "BusTimeWidgetExtension" */ = {
			isa = XCConfigurationList;
			buildConfigurations = (
				FA7CDCBE62987093C6D7326C /* Release */,
				5F8F5B36CA753EB2BBCB3F69 /* Debug */,
			);
			defaultConfigurationIsVisible = 0;
			defaultConfigurationName = Release;
		};
/* End XCConfigurationList section */
	};
	rootObject = 7934EAF42DFBF98100C306D1 /* Project object */;
}
